// !$*UTF8*$!
{
	archiveVersion = 1;
	classes = {
	};
	objectVersion = 56;
	objects = {

/* Begin PBXBuildFile section */
		D539F9F82B18A89800238A2E /* Walls.swift in Sources */ = {isa = PBXBuildFile; fileRef = D539F9F72B18A89800238A2E /* Walls.swift */; };
		D539F9FA2B18AC4000238A2E /* SoonLogs.swift in Sources */ = {isa = PBXBuildFile; fileRef = D539F9F92B18AC4000238A2E /* SoonLogs.swift */; };
		FA53B8522AD2D64F0031C2E3 /* UserAgents.swift in Sources */ = {isa = PBXBuildFile; fileRef = FA53B8512AD2D64F0031C2E3 /* UserAgents.swift */; };
		FA53B8542AD2D8200031C2E3 /* NetworkManager.swift in Sources */ = {isa = PBXBuildFile; fileRef = FA53B8532AD2D8200031C2E3 /* NetworkManager.swift */; };
		FA53B8562AD2DEEC0031C2E3 /* HowUse.swift in Sources */ = {isa = PBXBuildFile; fileRef = FA53B8552AD2DEEC0031C2E3 /* HowUse.swift */; };
		FA704E9B2AD710D4005C140A /* PartialSheet in Frameworks */ = {isa = PBXBuildFile; productRef = FA704E9A2AD710D4005C140A /* PartialSheet */; };
		FAF0B8D42AD065BC0051D2D3 /* EclipticaApp.swift in Sources */ = {isa = PBXBuildFile; fileRef = FAF0B8D32AD065BC0051D2D3 /* EclipticaApp.swift */; };
		FAF0B8D62AD065BC0051D2D3 /* ContentView.swift in Sources */ = {isa = PBXBuildFile; fileRef = FAF0B8D52AD065BC0051D2D3 /* ContentView.swift */; };
		FAF0B8D82AD065C70051D2D3 /* Assets.xcassets in Resources */ = {isa = PBXBuildFile; fileRef = FAF0B8D72AD065C70051D2D3 /* Assets.xcassets */; };
		FAF0B8DC2AD065C70051D2D3 /* Preview Assets.xcassets in Resources */ = {isa = PBXBuildFile; fileRef = FAF0B8DB2AD065C70051D2D3 /* Preview Assets.xcassets */; };
/* End PBXBuildFile section */

/* Begin PBXFileReference section */
		D539F9F72B18A89800238A2E /* Walls.swift */ = {isa = PBXFileReference; lastKnownFileType = sourcecode.swift; path = Walls.swift; sourceTree = "<group>"; };
		D539F9F92B18AC4000238A2E /* SoonLogs.swift */ = {isa = PBXFileReference; lastKnownFileType = sourcecode.swift; path = SoonLogs.swift; sourceTree = "<group>"; };
		D5875DFD2B17C87800D3E491 /* Ecliptica.entitlements */ = {isa = PBXFileReference; lastKnownFileType = text.plist.entitlements; path = Ecliptica.entitlements; sourceTree = "<group>"; };
		FA28E4F22AD3128200DD31FF /* Info.plist */ = {isa = PBXFileReference; lastKnownFileType = text.plist; path = Info.plist; sourceTree = "<group>"; };
		FA53B8512AD2D64F0031C2E3 /* UserAgents.swift */ = {isa = PBXFileReference; lastKnownFileType = sourcecode.swift; path = UserAgents.swift; sourceTree = "<group>"; };
		FA53B8532AD2D8200031C2E3 /* NetworkManager.swift */ = {isa = PBXFileReference; lastKnownFileType = sourcecode.swift; path = NetworkManager.swift; sourceTree = "<group>"; };
		FA53B8552AD2DEEC0031C2E3 /* HowUse.swift */ = {isa = PBXFileReference; lastKnownFileType = sourcecode.swift; path = HowUse.swift; sourceTree = "<group>"; };
		FAF0B8D02AD065BC0051D2D3 /* Ecliptica.app */ = {isa = PBXFileReference; explicitFileType = wrapper.application; includeInIndex = 0; path = Ecliptica.app; sourceTree = BUILT_PRODUCTS_DIR; };
		FAF0B8D32AD065BC0051D2D3 /* EclipticaApp.swift */ = {isa = PBXFileReference; lastKnownFileType = sourcecode.swift; path = EclipticaApp.swift; sourceTree = "<group>"; };
		FAF0B8D52AD065BC0051D2D3 /* ContentView.swift */ = {isa = PBXFileReference; lastKnownFileType = sourcecode.swift; path = ContentView.swift; sourceTree = "<group>"; };
		FAF0B8D72AD065C70051D2D3 /* Assets.xcassets */ = {isa = PBXFileReference; lastKnownFileType = folder.assetcatalog; path = Assets.xcassets; sourceTree = "<group>"; };
		FAF0B8DB2AD065C70051D2D3 /* Preview Assets.xcassets */ = {isa = PBXFileReference; lastKnownFileType = folder.assetcatalog; path = "Preview Assets.xcassets"; sourceTree = "<group>"; };
/* End PBXFileReference section */

/* Begin PBXFrameworksBuildPhase section */
		FAF0B8CD2AD065BC0051D2D3 /* Frameworks */ = {
			isa = PBXFrameworksBuildPhase;
			buildActionMask = 2147483647;
			files = (
				FA704E9B2AD710D4005C140A /* PartialSheet in Frameworks */,
			);
			runOnlyForDeploymentPostprocessing = 0;
		};
/* End PBXFrameworksBuildPhase section */

/* Begin PBXGroup section */
		D539F9FB2B18B00D00238A2E /* SHEET */ = {
			isa = PBXGroup;
			children = (
				D539F9F72B18A89800238A2E /* Walls.swift */,
				FA53B8552AD2DEEC0031C2E3 /* HowUse.swift */,
				D539F9F92B18AC4000238A2E /* SoonLogs.swift */,
			);
			path = SHEET;
			sourceTree = "<group>";
		};
		FAF0B8C72AD065BC0051D2D3 = {
			isa = PBXGroup;
			children = (
				FAF0B8D22AD065BC0051D2D3 /* Ecliptica */,
				FAF0B8D12AD065BC0051D2D3 /* Products */,
			);
			sourceTree = "<group>";
		};
		FAF0B8D12AD065BC0051D2D3 /* Products */ = {
			isa = PBXGroup;
			children = (
				FAF0B8D02AD065BC0051D2D3 /* Ecliptica.app */,
			);
			name = Products;
			sourceTree = "<group>";
		};
		FAF0B8D22AD065BC0051D2D3 /* Ecliptica */ = {
			isa = PBXGroup;
			children = (
				FA28E4F22AD3128200DD31FF /* Info.plist */,
				FAF0B8D32AD065BC0051D2D3 /* EclipticaApp.swift */,
				FAF0B8D52AD065BC0051D2D3 /* ContentView.swift */,
				D539F9FB2B18B00D00238A2E /* SHEET */,
				FA53B8512AD2D64F0031C2E3 /* UserAgents.swift */,
				FA53B8532AD2D8200031C2E3 /* NetworkManager.swift */,
				D5875DFD2B17C87800D3E491 /* Ecliptica.entitlements */,
				FAF0B8D72AD065C70051D2D3 /* Assets.xcassets */,
				FAF0B8DA2AD065C70051D2D3 /* Preview Content */,
			);
			path = Ecliptica;
			sourceTree = "<group>";
		};
		FAF0B8DA2AD065C70051D2D3 /* Preview Content */ = {
			isa = PBXGroup;
			children = (
				FAF0B8DB2AD065C70051D2D3 /* Preview Assets.xcassets */,
			);
			path = "Preview Content";
			sourceTree = "<group>";
		};
/* End PBXGroup section */

/* Begin PBXNativeTarget section */
		FAF0B8CF2AD065BC0051D2D3 /* Ecliptica */ = {
			isa = PBXNativeTarget;
			buildConfigurationList = FAF0B8DF2AD065C70051D2D3 /* Build configuration list for PBXNativeTarget "Ecliptica" */;
			buildPhases = (
				FAF0B8CC2AD065BC0051D2D3 /* Sources */,
				FAF0B8CD2AD065BC0051D2D3 /* Frameworks */,
				FAF0B8CE2AD065BC0051D2D3 /* Resources */,
			);
			buildRules = (
			);
			dependencies = (
			);
			name = Ecliptica;
			packageProductDependencies = (
				FA704E9A2AD710D4005C140A /* PartialSheet */,
			);
			productName = Ecliptica;
			productReference = FAF0B8D02AD065BC0051D2D3 /* Ecliptica.app */;
			productType = "com.apple.product-type.application";
		};
/* End PBXNativeTarget section */

/* Begin PBXProject section */
		FAF0B8C82AD065BC0051D2D3 /* Project object */ = {
			isa = PBXProject;
			attributes = {
				BuildIndependentTargetsInParallel = 1;
				LastSwiftUpdateCheck = 1420;
				LastUpgradeCheck = 1420;
				TargetAttributes = {
					FAF0B8CF2AD065BC0051D2D3 = {
						CreatedOnToolsVersion = 14.2;
					};
				};
			};
			buildConfigurationList = FAF0B8CB2AD065BC0051D2D3 /* Build configuration list for PBXProject "Ecliptica" */;
			compatibilityVersion = "Xcode 14.0";
			developmentRegion = en;
			hasScannedForEncodings = 0;
			knownRegions = (
				en,
				Base,
			);
			mainGroup = FAF0B8C72AD065BC0051D2D3;
			packageReferences = (
				FA704E992AD710D4005C140A /* XCRemoteSwiftPackageReference "PartialSheet" */,
			);
			productRefGroup = FAF0B8D12AD065BC0051D2D3 /* Products */;
			projectDirPath = "";
			projectRoot = "";
			targets = (
				FAF0B8CF2AD065BC0051D2D3 /* Ecliptica */,
			);
		};
/* End PBXProject section */

/* Begin PBXResourcesBuildPhase section */
		FAF0B8CE2AD065BC0051D2D3 /* Resources */ = {
			isa = PBXResourcesBuildPhase;
			buildActionMask = 2147483647;
			files = (
				FAF0B8DC2AD065C70051D2D3 /* Preview Assets.xcassets in Resources */,
				FAF0B8D82AD065C70051D2D3 /* Assets.xcassets in Resources */,
			);
			runOnlyForDeploymentPostprocessing = 0;
		};
/* End PBXResourcesBuildPhase section */

/* Begin PBXSourcesBuildPhase section */
		FAF0B8CC2AD065BC0051D2D3 /* Sources */ = {
			isa = PBXSourcesBuildPhase;
			buildActionMask = 2147483647;
			files = (
				FA53B8542AD2D8200031C2E3 /* NetworkManager.swift in Sources */,
				FA53B8522AD2D64F0031C2E3 /* UserAgents.swift in Sources */,
				FAF0B8D62AD065BC0051D2D3 /* ContentView.swift in Sources */,
				D539F9FA2B18AC4000238A2E /* SoonLogs.swift in Sources */,
				D539F9F82B18A89800238A2E /* Walls.swift in Sources */,
				FAF0B8D42AD065BC0051D2D3 /* EclipticaApp.swift in Sources */,
				FA53B8562AD2DEEC0031C2E3 /* HowUse.swift in Sources */,
			);
			runOnlyForDeploymentPostprocessing = 0;
		};
/* End PBXSourcesBuildPhase section */

/* Begin XCBuildConfiguration section */
		FAF0B8DD2AD065C70051D2D3 /* Debug */ = {
			isa = XCBuildConfiguration;
			buildSettings = {
				ALWAYS_SEARCH_USER_PATHS = NO;
				CLANG_ANALYZER_NONNULL = YES;
				CLANG_ANALYZER_NUMBER_OBJECT_CONVERSION = YES_AGGRESSIVE;
				CLANG_CXX_LANGUAGE_STANDARD = "gnu++20";
				CLANG_ENABLE_MODULES = YES;
				CLANG_ENABLE_OBJC_ARC = YES;
				CLANG_ENABLE_OBJC_WEAK = YES;
				CLANG_WARN_BLOCK_CAPTURE_AUTORELEASING = YES;
				CLANG_WARN_BOOL_CONVERSION = YES;
				CLANG_WARN_COMMA = YES;
				CLANG_WARN_CONSTANT_CONVERSION = YES;
				CLANG_WARN_DEPRECATED_OBJC_IMPLEMENTATIONS = YES;
				CLANG_WARN_DIRECT_OBJC_ISA_USAGE = YES_ERROR;
				CLANG_WARN_DOCUMENTATION_COMMENTS = YES;
				CLANG_WARN_EMPTY_BODY = YES;
				CLANG_WARN_ENUM_CONVERSION = YES;
				CLANG_WARN_INFINITE_RECURSION = YES;
				CLANG_WARN_INT_CONVERSION = YES;
				CLANG_WARN_NON_LITERAL_NULL_CONVERSION = YES;
				CLANG_WARN_OBJC_IMPLICIT_RETAIN_SELF = YES;
				CLANG_WARN_OBJC_LITERAL_CONVERSION = YES;
				CLANG_WARN_OBJC_ROOT_CLASS = YES_ERROR;
				CLANG_WARN_QUOTED_INCLUDE_IN_FRAMEWORK_HEADER = YES;
				CLANG_WARN_RANGE_LOOP_ANALYSIS = YES;
				CLANG_WARN_STRICT_PROTOTYPES = YES;
				CLANG_WARN_SUSPICIOUS_MOVE = YES;
				CLANG_WARN_UNGUARDED_AVAILABILITY = YES_AGGRESSIVE;
				CLANG_WARN_UNREACHABLE_CODE = YES;
				CLANG_WARN__DUPLICATE_METHOD_MATCH = YES;
				COPY_PHASE_STRIP = NO;
				DEBUG_INFORMATION_FORMAT = dwarf;
				ENABLE_STRICT_OBJC_MSGSEND = YES;
				ENABLE_TESTABILITY = YES;
				GCC_C_LANGUAGE_STANDARD = gnu11;
				GCC_DYNAMIC_NO_PIC = NO;
				GCC_NO_COMMON_BLOCKS = YES;
				GCC_OPTIMIZATION_LEVEL = 0;
				GCC_PREPROCESSOR_DEFINITIONS = (
					"DEBUG=1",
					"$(inherited)",
				);
				GCC_WARN_64_TO_32_BIT_CONVERSION = YES;
				GCC_WARN_ABOUT_RETURN_TYPE = YES_ERROR;
				GCC_WARN_UNDECLARED_SELECTOR = YES;
				GCC_WARN_UNINITIALIZED_AUTOS = YES_AGGRESSIVE;
				GCC_WARN_UNUSED_FUNCTION = YES;
				GCC_WARN_UNUSED_VARIABLE = YES;
				MTL_ENABLE_DEBUG_INFO = INCLUDE_SOURCE;
				MTL_FAST_MATH = YES;
				ONLY_ACTIVE_ARCH = YES;
				SWIFT_ACTIVE_COMPILATION_CONDITIONS = DEBUG;
				SWIFT_OPTIMIZATION_LEVEL = "-Onone";
			};
			name = Debug;
		};
		FAF0B8DE2AD065C70051D2D3 /* Release */ = {
			isa = XCBuildConfiguration;
			buildSettings = {
				ALWAYS_SEARCH_USER_PATHS = NO;
				CLANG_ANALYZER_NONNULL = YES;
				CLANG_ANALYZER_NUMBER_OBJECT_CONVERSION = YES_AGGRESSIVE;
				CLANG_CXX_LANGUAGE_STANDARD = "gnu++20";
				CLANG_ENABLE_MODULES = YES;
				CLANG_ENABLE_OBJC_ARC = YES;
				CLANG_ENABLE_OBJC_WEAK = YES;
				CLANG_WARN_BLOCK_CAPTURE_AUTORELEASING = YES;
				CLANG_WARN_BOOL_CONVERSION = YES;
				CLANG_WARN_COMMA = YES;
				CLANG_WARN_CONSTANT_CONVERSION = YES;
				CLANG_WARN_DEPRECATED_OBJC_IMPLEMENTATIONS = YES;
				CLANG_WARN_DIRECT_OBJC_ISA_USAGE = YES_ERROR;
				CLANG_WARN_DOCUMENTATION_COMMENTS = YES;
				CLANG_WARN_EMPTY_BODY = YES;
				CLANG_WARN_ENUM_CONVERSION = YES;
				CLANG_WARN_INFINITE_RECURSION = YES;
				CLANG_WARN_INT_CONVERSION = YES;
				CLANG_WARN_NON_LITERAL_NULL_CONVERSION = YES;
				CLANG_WARN_OBJC_IMPLICIT_RETAIN_SELF = YES;
				CLANG_WARN_OBJC_LITERAL_CONVERSION = YES;
				CLANG_WARN_OBJC_ROOT_CLASS = YES_ERROR;
				CLANG_WARN_QUOTED_INCLUDE_IN_FRAMEWORK_HEADER = YES;
				CLANG_WARN_RANGE_LOOP_ANALYSIS = YES;
				CLANG_WARN_STRICT_PROTOTYPES = YES;
				CLANG_WARN_SUSPICIOUS_MOVE = YES;
				CLANG_WARN_UNGUARDED_AVAILABILITY = YES_AGGRESSIVE;
				CLANG_WARN_UNREACHABLE_CODE = YES;
				CLANG_WARN__DUPLICATE_METHOD_MATCH = YES;
				COPY_PHASE_STRIP = NO;
				DEBUG_INFORMATION_FORMAT = "dwarf-with-dsym";
				ENABLE_NS_ASSERTIONS = NO;
				ENABLE_STRICT_OBJC_MSGSEND = YES;
				GCC_C_LANGUAGE_STANDARD = gnu11;
				GCC_NO_COMMON_BLOCKS = YES;
				GCC_WARN_64_TO_32_BIT_CONVERSION = YES;
				GCC_WARN_ABOUT_RETURN_TYPE = YES_ERROR;
				GCC_WARN_UNDECLARED_SELECTOR = YES;
				GCC_WARN_UNINITIALIZED_AUTOS = YES_AGGRESSIVE;
				GCC_WARN_UNUSED_FUNCTION = YES;
				GCC_WARN_UNUSED_VARIABLE = YES;
				MTL_ENABLE_DEBUG_INFO = NO;
				MTL_FAST_MATH = YES;
				SWIFT_COMPILATION_MODE = wholemodule;
				SWIFT_OPTIMIZATION_LEVEL = "-O";
			};
			name = Release;
		};
		FAF0B8E02AD065C70051D2D3 /* Debug */ = {
			isa = XCBuildConfiguration;
			buildSettings = {
				ASSETCATALOG_COMPILER_APPICON_NAME = AppIcon;
				ASSETCATALOG_COMPILER_GLOBAL_ACCENT_COLOR_NAME = AccentColor;
				CODE_SIGN_ENTITLEMENTS = Ecliptica/Ecliptica.entitlements;
				CODE_SIGN_STYLE = Manual;
				CURRENT_PROJECT_VERSION = 1;
				DEVELOPMENT_ASSET_PATHS = "\"Ecliptica/Preview Content\"";
				DEVELOPMENT_TEAM = "";
				ENABLE_HARDENED_RUNTIME = YES;
				ENABLE_PREVIEWS = YES;
				GENERATE_INFOPLIST_FILE = YES;
				INFOPLIST_FILE = Ecliptica/Info.plist;
				INFOPLIST_KEY_CFBundleDisplayName = Ecliptica;
				INFOPLIST_KEY_LSApplicationCategoryType = "public.app-category.developer-tools";
				"INFOPLIST_KEY_UIApplicationSceneManifest_Generation[sdk=iphoneos*]" = YES;
				"INFOPLIST_KEY_UIApplicationSceneManifest_Generation[sdk=iphonesimulator*]" = YES;
				"INFOPLIST_KEY_UIApplicationSupportsIndirectInputEvents[sdk=iphoneos*]" = YES;
				"INFOPLIST_KEY_UIApplicationSupportsIndirectInputEvents[sdk=iphonesimulator*]" = YES;
				"INFOPLIST_KEY_UILaunchScreen_Generation[sdk=iphoneos*]" = YES;
				"INFOPLIST_KEY_UILaunchScreen_Generation[sdk=iphonesimulator*]" = YES;
				"INFOPLIST_KEY_UIStatusBarStyle[sdk=iphoneos*]" = UIStatusBarStyleDefault;
				"INFOPLIST_KEY_UIStatusBarStyle[sdk=iphonesimulator*]" = UIStatusBarStyleDefault;
				INFOPLIST_KEY_UISupportedInterfaceOrientations = UIInterfaceOrientationPortrait;
				IPHONEOS_DEPLOYMENT_TARGET = 15.0;
				LD_RUNPATH_SEARCH_PATHS = "@executable_path/Frameworks";
				"LD_RUNPATH_SEARCH_PATHS[sdk=macosx*]" = "@executable_path/../Frameworks";
				MACOSX_DEPLOYMENT_TARGET = 12.6;
				MARKETING_VERSION = 1.0;
				PRODUCT_BUNDLE_IDENTIFIER = com.EclipticaClient.Ecliptica;
				PRODUCT_NAME = "$(TARGET_NAME)";
				PROVISIONING_PROFILE_SPECIFIER = "";
				SDKROOT = auto;
				SUPPORTED_PLATFORMS = "iphoneos iphonesimulator";
				SUPPORTS_MACCATALYST = NO;
				SUPPORTS_MAC_DESIGNED_FOR_IPHONE_IPAD = NO;
				SWIFT_EMIT_LOC_STRINGS = YES;
				SWIFT_VERSION = 5.0;
				TARGETED_DEVICE_FAMILY = "1,2";
			};
			name = Debug;
		};
		FAF0B8E12AD065C70051D2D3 /* Release */ = {
			isa = XCBuildConfiguration;
			buildSettings = {
				ASSETCATALOG_COMPILER_APPICON_NAME = AppIcon;
				ASSETCATALOG_COMPILER_GLOBAL_ACCENT_COLOR_NAME = AccentColor;
				CODE_SIGN_ENTITLEMENTS = Ecliptica/Ecliptica.entitlements;
				CODE_SIGN_STYLE = Manual;
				CURRENT_PROJECT_VERSION = 1;
				DEVELOPMENT_ASSET_PATHS = "\"Ecliptica/Preview Content\"";
				DEVELOPMENT_TEAM = "";
				ENABLE_HARDENED_RUNTIME = YES;
				ENABLE_PREVIEWS = YES;
				GENERATE_INFOPLIST_FILE = YES;
				INFOPLIST_FILE = Ecliptica/Info.plist;
				INFOPLIST_KEY_CFBundleDisplayName = Ecliptica;
				INFOPLIST_KEY_LSApplicationCategoryType = "public.app-category.developer-tools";
				"INFOPLIST_KEY_UIApplicationSceneManifest_Generation[sdk=iphoneos*]" = YES;
				"INFOPLIST_KEY_UIApplicationSceneManifest_Generation[sdk=iphonesimulator*]" = YES;
				"INFOPLIST_KEY_UIApplicationSupportsIndirectInputEvents[sdk=iphoneos*]" = YES;
				"INFOPLIST_KEY_UIApplicationSupportsIndirectInputEvents[sdk=iphonesimulator*]" = YES;
				"INFOPLIST_KEY_UILaunchScreen_Generation[sdk=iphoneos*]" = YES;
				"INFOPLIST_KEY_UILaunchScreen_Generation[sdk=iphonesimulator*]" = YES;
				"INFOPLIST_KEY_UIStatusBarStyle[sdk=iphoneos*]" = UIStatusBarStyleDefault;
				"INFOPLIST_KEY_UIStatusBarStyle[sdk=iphonesimulator*]" = UIStatusBarStyleDefault;
				INFOPLIST_KEY_UISupportedInterfaceOrientations = UIInterfaceOrientationPortrait;
				IPHONEOS_DEPLOYMENT_TARGET = 15.0;
				LD_RUNPATH_SEARCH_PATHS = "@executable_path/Frameworks";
				"LD_RUNPATH_SEARCH_PATHS[sdk=macosx*]" = "@executable_path/../Frameworks";
				MACOSX_DEPLOYMENT_TARGET = 12.6;
				MARKETING_VERSION = 1.0;
				PRODUCT_BUNDLE_IDENTIFIER = com.EclipticaClient.Ecliptica;
				PRODUCT_NAME = "$(TARGET_NAME)";
				PROVISIONING_PROFILE_SPECIFIER = "";
				SDKROOT = auto;
				SUPPORTED_PLATFORMS = "iphoneos iphonesimulator";
				SUPPORTS_MACCATALYST = NO;
				SUPPORTS_MAC_DESIGNED_FOR_IPHONE_IPAD = NO;
				SWIFT_EMIT_LOC_STRINGS = YES;
				SWIFT_VERSION = 5.0;
				TARGETED_DEVICE_FAMILY = "1,2";
			};
			name = Release;
		};
/* End XCBuildConfiguration section */

/* Begin XCConfigurationList section */
		FAF0B8CB2AD065BC0051D2D3 /* Build configuration list for PBXProject "Ecliptica" */ = {
			isa = XCConfigurationList;
			buildConfigurations = (
				FAF0B8DD2AD065C70051D2D3 /* Debug */,
				FAF0B8DE2AD065C70051D2D3 /* Release */,
			);
			defaultConfigurationIsVisible = 0;
			defaultConfigurationName = Release;
		};
		FAF0B8DF2AD065C70051D2D3 /* Build configuration list for PBXNativeTarget "Ecliptica" */ = {
			isa = XCConfigurationList;
			buildConfigurations = (
				FAF0B8E02AD065C70051D2D3 /* Debug */,
				FAF0B8E12AD065C70051D2D3 /* Release */,
			);
			defaultConfigurationIsVisible = 0;
			defaultConfigurationName = Release;
		};
/* End XCConfigurationList section */

/* Begin XCRemoteSwiftPackageReference section */
		FA704E992AD710D4005C140A /* XCRemoteSwiftPackageReference "PartialSheet" */ = {
			isa = XCRemoteSwiftPackageReference;
			repositoryURL = "https://github.com/AndreaMiotto/PartialSheet";
			requirement = {
				branch = master;
				kind = branch;
			};
		};
/* End XCRemoteSwiftPackageReference section */

/* Begin XCSwiftPackageProductDependency section */
		FA704E9A2AD710D4005C140A /* PartialSheet */ = {
			isa = XCSwiftPackageProductDependency;
			package = FA704E992AD710D4005C140A /* XCRemoteSwiftPackageReference "PartialSheet" */;
			productName = PartialSheet;
		};
/* End XCSwiftPackageProductDependency section */
	};
	rootObject = FAF0B8C82AD065BC0051D2D3 /* Project object */;
}
